{
  "version": 4,
  "terraform_version": "1.1.9",
  "serial": 164,
  "lineage": "a5bce68e-8281-2f22-e6f4-0c7ed03d38d0",
  "outputs": {
    "external_ip_address_ubuntu_vm": {
      "value": "51.250.64.147",
      "type": "string"
    },
    "internal_ip_address_ubuntu_vm": {
      "value": "192.168.10.10",
      "type": "string"
    }
  },
  "resources": [
    {
      "mode": "managed",
      "type": "yandex_compute_instance",
      "name": "ubuntu_vm",
      "provider": "provider[\"registry.terraform.io/yandex-cloud/yandex\"]",
      "instances": [
        {
          "schema_version": 1,
          "attributes": {
            "allow_recreate": null,
            "allow_stopping_for_update": null,
            "boot_disk": [
              {
                "auto_delete": true,
                "device_name": "fhmu9hesglestdk4suv0",
                "disk_id": "fhmu9hesglestdk4suv0",
                "initialize_params": [
                  {
                    "block_size": 4096,
                    "description": "",
                    "image_id": "fd82re2tpfl4chaupeuf",
                    "name": "",
                    "size": 5,
                    "snapshot_id": "",
                    "type": "network-hdd"
                  }
                ],
                "mode": "READ_WRITE"
              }
            ],
            "created_at": "2022-05-11T20:34:32Z",
            "description": "",
            "folder_id": "b1gb7469dfls7bcjs4lr",
            "fqdn": "fhmr0ph1ds5f4as6ch3i.auto.internal",
            "hostname": "fhmr0ph1ds5f4as6ch3i",
            "id": "fhmr0ph1ds5f4as6ch3i",
            "labels": null,
            "metadata": {
              "serial-port-enable": "1",
              "ssh-keys": "ubuntu:ssh-rsa AAAAB3NzaC1yc2EAAAADAQABAAABAQDju4XHCE0JGEiwFR8zgTdsxeMvDsck178FYijI2PHFf/Da5bKtaVLEv4H7FQKCC3hLYq82wX8/ssaZ1U5mfETyisx+mQAKOxAlXxnEUAGhCtK2Hgrm/gpSm4ikGK4nb8MiXmlEqWVvBl9eMRQZXdXv9IkB/O+PKz/OULV/iOiXrrnQ3xIn+jVUQImXDu0goaUdpslQGzA0HALTwO9tY7xXQ4Y4Wk31KwchaeTVOQ+4dOinnwI6Rdcy09loDUqqtkGEmyX9qhdKd5lhCSd0u0SYzs5ex9JMojHfP6dGbm4KT5UFVfv1QpN1/78QDLs1Bz9uaWb7xXlwLaq66GtPv+JX ubuntu@irc-server\n"
            },
            "name": "irc-server",
            "network_acceleration_type": "standard",
            "network_interface": [
              {
                "dns_record": [],
                "index": 0,
                "ip_address": "192.168.10.10",
                "ipv4": true,
                "ipv6": false,
                "ipv6_address": "",
                "ipv6_dns_record": [],
                "mac_address": "d0:0d:1b:06:62:16",
                "nat": true,
                "nat_dns_record": [],
                "nat_ip_address": "51.250.64.147",
                "nat_ip_version": "IPV4",
                "security_group_ids": [],
                "subnet_id": "e9bss5gbjnr1dubblinj"
              }
            ],
            "placement_policy": [
              {
                "host_affinity_rules": [],
                "placement_group_id": ""
              }
            ],
            "platform_id": "standard-v1",
            "resources": [
              {
                "core_fraction": 20,
                "cores": 2,
                "gpus": 0,
                "memory": 2
              }
            ],
            "scheduling_policy": [
              {
                "preemptible": true
              }
            ],
            "secondary_disk": [],
            "service_account_id": "",
            "status": "running",
            "timeouts": null,
            "zone": "ru-central1-a"
          },
          "sensitive_attributes": [],
          "private": "eyJlMmJmYjczMC1lY2FhLTExZTYtOGY4OC0zNDM2M2JjN2M0YzAiOnsiY3JlYXRlIjozMDAwMDAwMDAwMDAsImRlbGV0ZSI6MzAwMDAwMDAwMDAwLCJ1cGRhdGUiOjMwMDAwMDAwMDAwMH0sInNjaGVtYV92ZXJzaW9uIjoiMSJ9",
          "dependencies": [
            "yandex_vpc_network.main-network",
            "yandex_vpc_subnet.main-subnet"
          ]
        }
      ]
    },
    {
      "mode": "managed",
      "type": "yandex_vpc_network",
      "name": "main-network",
      "provider": "provider[\"registry.terraform.io/yandex-cloud/yandex\"]",
      "instances": [
        {
          "schema_version": 0,
          "attributes": {
            "created_at": "2022-05-11T20:34:30Z",
            "default_security_group_id": "",
            "description": "",
            "folder_id": "b1gb7469dfls7bcjs4lr",
            "id": "enp669o640dp6alvdvr7",
            "labels": {},
            "name": "main-network",
            "subnet_ids": [],
            "timeouts": null
          },
          "sensitive_attributes": [],
          "private": "eyJlMmJmYjczMC1lY2FhLTExZTYtOGY4OC0zNDM2M2JjN2M0YzAiOnsiY3JlYXRlIjo2MDAwMDAwMDAwMCwiZGVsZXRlIjo2MDAwMDAwMDAwMCwidXBkYXRlIjo2MDAwMDAwMDAwMH19"
        }
      ]
    },
    {
      "mode": "managed",
      "type": "yandex_vpc_subnet",
      "name": "main-subnet",
      "provider": "provider[\"registry.terraform.io/yandex-cloud/yandex\"]",
      "instances": [
        {
          "schema_version": 0,
          "attributes": {
            "created_at": "2022-05-11T20:34:31Z",
            "description": "",
            "dhcp_options": [],
            "folder_id": "b1gb7469dfls7bcjs4lr",
            "id": "e9bss5gbjnr1dubblinj",
            "labels": {},
            "name": "main-subnet",
            "network_id": "enp669o640dp6alvdvr7",
            "route_table_id": "",
            "timeouts": null,
            "v4_cidr_blocks": [
              "192.168.10.0/24"
            ],
            "v6_cidr_blocks": [],
            "zone": "ru-central1-a"
          },
          "sensitive_attributes": [],
          "private": "eyJlMmJmYjczMC1lY2FhLTExZTYtOGY4OC0zNDM2M2JjN2M0YzAiOnsiY3JlYXRlIjoxODAwMDAwMDAwMDAsImRlbGV0ZSI6MTgwMDAwMDAwMDAwLCJ1cGRhdGUiOjE4MDAwMDAwMDAwMH19",
          "dependencies": [
            "yandex_vpc_network.main-network"
          ]
        }
      ]
    }
  ]
}
